
Microsoft Visual Studio Solution File, Format Version 12.00
# Visual Studio Version 16
VisualStudioVersion = 16.0.30517.126
MinimumVisualStudioVersion = 10.0.40219.1
Project("{9A19103F-16F7-4668-BE54-9A1E7A4F7556}") = "CheckInWpf", "CheckInWpf.csproj", "{8CDBA90D-360C-4F09-B983-EEB0C6B1B142}"
EndProject
Global
	GlobalSection(SolutionConfigurationPlatforms) = preSolution
		Debug|Any CPU = Debug|Any CPU
		Debug|x64 = Debug|x64
		Release|Any CPU = Release|Any CPU
		Release|x64 = Release|x64
	EndGlobalSection
	GlobalSection(ProjectConfigurationPlatforms) = postSolution
		{8CDBA90D-360C-4F09-B983-EEB0C6B1B142}.Debug|Any CPU.ActiveCfg = Debug|Any CPU
		{8CDBA90D-360C-4F09-B983-EEB0C6B1B142}.Debug|Any CPU.Build.0 = Debug|Any CPU
		{8CDBA90D-360C-4F09-B983-EEB0C6B1B142}.Debug|x64.ActiveCfg = Debug|x64
		{8CDBA90D-360C-4F09-B983-EEB0C6B1B142}.Debug|x64.Build.0 = Debug|x64
		{8CDBA90D-360C-4F09-B983-EEB0C6B1B142}.Release|Any CPU.ActiveCfg = Release|Any CPU
		{8CDBA90D-360C-4F09-B983-EEB0C6B1B142}.Release|Any CPU.Build.0 = Release|Any CPU
		{8CDBA90D-360C-4F09-B983-EEB0C6B1B142}.Release|x64.ActiveCfg = Release|x64
		{8CDBA90D-360C-4F09-B983-EEB0C6B1B142}.Release|x64.Build.0 = Release|x64
	EndGlobalSection
	GlobalSection(SolutionProperties) = preSolution
		HideSolutionNode = FALSE
	EndGlobalSection
	GlobalSection(ExtensibilityGlobals) = postSolution
		SolutionGuid = {D0C5A507-8C31-49AF-80E7-A5D29B8C2879}
	EndGlobalSection
EndGlobal
